<?xml version="1.0" encoding="utf-8"?>
<Project ToolsVersion="4.0" xmlns="http://schemas.microsoft.com/developer/msbuild/2003">
  <ItemGroup>
    <Filter Include="Source Files">
      <UniqueIdentifier>{852395aa-68db-4501-92bb-461ea4b81810}</UniqueIdentifier>
      <Extensions>cpp;c;cxx;rc;def;r;odl;idl;hpj;bat</Extensions>
    </Filter>
    <Filter Include="Header Files">
      <UniqueIdentifier>{9f5b20a7-76c1-4295-8e2b-de9191f718ba}</UniqueIdentifier>
      <Extensions>h;hpp;hxx;hm;inl</Extensions>
    </Filter>
    <Filter Include="Resource Files">
      <UniqueIdentifier>{99864670-c4e9-4bf1-ae15-6b4f50ec0b8a}</UniqueIdentifier>
      <Extensions>ico;cur;bmp;dlg;rc2;rct;bin;rgs;gif;jpg;jpeg;jpe</Extensions>
    </Filter>
  </ItemGroup>
  <ItemGroup>
    <ClCompile Include="Laboratoire2.cpp">
      <Filter>Source Files</Filter>
    </ClCompile>
    <ClCompile Include="Media.cpp">
      <Filter>Source Files</Filter>
    </ClCompile>
    <ClCompile Include="Win32_AppWindow.cpp">
      <Filter>Source Files</Filter>
    </ClCompile>
    <ClCompile Include="Win32_GraphicWindow.cpp">
      <Filter>Source Files</Filter>
    </ClCompile>
  </ItemGroup>
  <ItemGroup>
    <ResourceCompile Include="Win32_resources.rc">
      <Filter>Source Files</Filter>
    </ResourceCompile>
  </ItemGroup>
  <ItemGroup>
    <ClInclude Include="Laboratoire2.h">
      <Filter>Header Files</Filter>
    </ClInclude>
    <ClInclude Include="Media.h">
      <Filter>Header Files</Filter>
    </ClInclude>
    <ClInclude Include="resource.h">
      <Filter>Header Files</Filter>
    </ClInclude>
    <ClInclude Include="Win32_AppWindow.h">
      <Filter>Header Files</Filter>
    </ClInclude>
    <ClInclude Include="Win32_GraphicWindow.h">
      <Filter>Header Files</Filter>
    </ClInclude>
    <ClInclude Include="Scene_DC.h">
      <Filter>Header Files</Filter>
    </ClInclude>
  </ItemGroup>
  <ItemGroup>
    <Image Include="icon1.ico">
      <Filter>Resource Files</Filter>
    </Image>
    <Image Include="toolbar1.bmp">
      <Filter>Resource Files</Filter>
    </Image>
  </ItemGroup>
</Project>